
Microsoft Visual Studio Solution File, Format Version 12.00
# Visual Studio Version 17
VisualStudioVersion = 17.0.31903.59
MinimumVisualStudioVersion = 10.0.40219.1
Project("{FAE04EC0-301F-11D3-BF4B-00C04F79EFBC}") = "TourManagement.Domain", "TourManagement.Domain/TourManagement.Domain.csproj", "{F2D93065-0C20-4407-9CD8-47F009695E65}"
EndProject
Project("{FAE04EC0-301F-11D3-BF4B-00C04F79EFBC}") = "TourManagement.Application", "TourManagement.Application/TourManagement.Application.csproj", "{C2794FAC-AD67-486A-B872-01D4F9B66D43}"
EndProject
Project("{FAE04EC0-301F-11D3-BF4B-00C04F79EFBC}") = "TourManagement.Infrastructure", "TourManagement.Infrastructure/TourManagement.Infrastructure.csproj", "{173235E8-D2BC-44BB-B49A-4EC9ECE8FD6B}"
EndProject
Project("{FAE04EC0-301F-11D3-BF4B-00C04F79EFBC}") = "TourManagement.Web", "TourManagement.Web/TourManagement.Web.csproj", "{6F74BA00-17FB-4543-A876-B630898BF206}"
EndProject
Global
	GlobalSection(SolutionConfigurationPlatforms) = preSolution
		Debug|Any CPU = Debug|Any CPU
		Debug|x64 = Debug|x64
		Debug|x86 = Debug|x86
		Release|Any CPU = Release|Any CPU
		Release|x64 = Release|x64
		Release|x86 = Release|x86
	EndGlobalSection
	GlobalSection(ProjectConfigurationPlatforms) = postSolution
		{F2D93065-0C20-4407-9CD8-47F009695E65}.Debug|Any CPU.ActiveCfg = Debug|Any CPU
		{F2D93065-0C20-4407-9CD8-47F009695E65}.Debug|Any CPU.Build.0 = Debug|Any CPU
		{F2D93065-0C20-4407-9CD8-47F009695E65}.Debug|x64.ActiveCfg = Debug|Any CPU
		{F2D93065-0C20-4407-9CD8-47F009695E65}.Debug|x64.Build.0 = Debug|Any CPU
		{F2D93065-0C20-4407-9CD8-47F009695E65}.Debug|x86.ActiveCfg = Debug|Any CPU
		{F2D93065-0C20-4407-9CD8-47F009695E65}.Debug|x86.Build.0 = Debug|Any CPU
		{F2D93065-0C20-4407-9CD8-47F009695E65}.Release|Any CPU.ActiveCfg = Release|Any CPU
		{F2D93065-0C20-4407-9CD8-47F009695E65}.Release|Any CPU.Build.0 = Release|Any CPU
		{F2D93065-0C20-4407-9CD8-47F009695E65}.Release|x64.ActiveCfg = Release|Any CPU
		{F2D93065-0C20-4407-9CD8-47F009695E65}.Release|x64.Build.0 = Release|Any CPU
		{F2D93065-0C20-4407-9CD8-47F009695E65}.Release|x86.ActiveCfg = Release|Any CPU
		{F2D93065-0C20-4407-9CD8-47F009695E65}.Release|x86.Build.0 = Release|Any CPU
		{C2794FAC-AD67-486A-B872-01D4F9B66D43}.Debug|Any CPU.ActiveCfg = Debug|Any CPU
		{C2794FAC-AD67-486A-B872-01D4F9B66D43}.Debug|Any CPU.Build.0 = Debug|Any CPU
		{C2794FAC-AD67-486A-B872-01D4F9B66D43}.Debug|x64.ActiveCfg = Debug|Any CPU
		{C2794FAC-AD67-486A-B872-01D4F9B66D43}.Debug|x64.Build.0 = Debug|Any CPU
		{C2794FAC-AD67-486A-B872-01D4F9B66D43}.Debug|x86.ActiveCfg = Debug|Any CPU
		{C2794FAC-AD67-486A-B872-01D4F9B66D43}.Debug|x86.Build.0 = Debug|Any CPU
		{C2794FAC-AD67-486A-B872-01D4F9B66D43}.Release|Any CPU.ActiveCfg = Release|Any CPU
		{C2794FAC-AD67-486A-B872-01D4F9B66D43}.Release|Any CPU.Build.0 = Release|Any CPU
		{C2794FAC-AD67-486A-B872-01D4F9B66D43}.Release|x64.ActiveCfg = Release|Any CPU
		{C2794FAC-AD67-486A-B872-01D4F9B66D43}.Release|x64.Build.0 = Release|Any CPU
		{C2794FAC-AD67-486A-B872-01D4F9B66D43}.Release|x86.ActiveCfg = Release|Any CPU
		{C2794FAC-AD67-486A-B872-01D4F9B66D43}.Release|x86.Build.0 = Release|Any CPU
		{173235E8-D2BC-44BB-B49A-4EC9ECE8FD6B}.Debug|Any CPU.ActiveCfg = Debug|Any CPU
		{173235E8-D2BC-44BB-B49A-4EC9ECE8FD6B}.Debug|Any CPU.Build.0 = Debug|Any CPU
		{173235E8-D2BC-44BB-B49A-4EC9ECE8FD6B}.Debug|x64.ActiveCfg = Debug|Any CPU
		{173235E8-D2BC-44BB-B49A-4EC9ECE8FD6B}.Debug|x64.Build.0 = Debug|Any CPU
		{173235E8-D2BC-44BB-B49A-4EC9ECE8FD6B}.Debug|x86.ActiveCfg = Debug|Any CPU
		{173235E8-D2BC-44BB-B49A-4EC9ECE8FD6B}.Debug|x86.Build.0 = Debug|Any CPU
		{173235E8-D2BC-44BB-B49A-4EC9ECE8FD6B}.Release|Any CPU.ActiveCfg = Release|Any CPU
		{173235E8-D2BC-44BB-B49A-4EC9ECE8FD6B}.Release|Any CPU.Build.0 = Release|Any CPU
		{173235E8-D2BC-44BB-B49A-4EC9ECE8FD6B}.Release|x64.ActiveCfg = Release|Any CPU
		{173235E8-D2BC-44BB-B49A-4EC9ECE8FD6B}.Release|x64.Build.0 = Release|Any CPU
		{173235E8-D2BC-44BB-B49A-4EC9ECE8FD6B}.Release|x86.ActiveCfg = Release|Any CPU
		{173235E8-D2BC-44BB-B49A-4EC9ECE8FD6B}.Release|x86.Build.0 = Release|Any CPU
		{6F74BA00-17FB-4543-A876-B630898BF206}.Debug|Any CPU.ActiveCfg = Debug|Any CPU
		{6F74BA00-17FB-4543-A876-B630898BF206}.Debug|Any CPU.Build.0 = Debug|Any CPU
		{6F74BA00-17FB-4543-A876-B630898BF206}.Debug|x64.ActiveCfg = Debug|Any CPU
		{6F74BA00-17FB-4543-A876-B630898BF206}.Debug|x64.Build.0 = Debug|Any CPU
		{6F74BA00-17FB-4543-A876-B630898BF206}.Debug|x86.ActiveCfg = Debug|Any CPU
		{6F74BA00-17FB-4543-A876-B630898BF206}.Debug|x86.Build.0 = Debug|Any CPU
		{6F74BA00-17FB-4543-A876-B630898BF206}.Release|Any CPU.ActiveCfg = Release|Any CPU
		{6F74BA00-17FB-4543-A876-B630898BF206}.Release|Any CPU.Build.0 = Release|Any CPU
		{6F74BA00-17FB-4543-A876-B630898BF206}.Release|x64.ActiveCfg = Release|Any CPU
		{6F74BA00-17FB-4543-A876-B630898BF206}.Release|x64.Build.0 = Release|Any CPU
		{6F74BA00-17FB-4543-A876-B630898BF206}.Release|x86.ActiveCfg = Release|Any CPU
		{6F74BA00-17FB-4543-A876-B630898BF206}.Release|x86.Build.0 = Release|Any CPU
	EndGlobalSection
	GlobalSection(SolutionProperties) = preSolution
		HideSolutionNode = FALSE
	EndGlobalSection
EndGlobal
